// !$*UTF8*$!
{
	archiveVersion = 1;
	classes = {
	};
	objectVersion = 46;
	objects = {

/* Begin PBXBuildFile section */
		474705131AB0124500A4181C /* AppDelegate.swift in Sources */ = {isa = PBXBuildFile; fileRef = 474705121AB0124500A4181C /* AppDelegate.swift */; };
		474705151AB0124500A4181C /* ViewController.swift in Sources */ = {isa = PBXBuildFile; fileRef = 474705141AB0124500A4181C /* ViewController.swift */; };
		474705181AB0124500A4181C /* Main.storyboard in Resources */ = {isa = PBXBuildFile; fileRef = 474705161AB0124500A4181C /* Main.storyboard */; };
		4747051A1AB0124500A4181C /* Images.xcassets in Resources */ = {isa = PBXBuildFile; fileRef = 474705191AB0124500A4181C /* Images.xcassets */; };
		4747051D1AB0124500A4181C /* LaunchScreen.xib in Resources */ = {isa = PBXBuildFile; fileRef = 4747051B1AB0124500A4181C /* LaunchScreen.xib */; };
		474705291AB0124500A4181C /* tipsTests.swift in Sources */ = {isa = PBXBuildFile; fileRef = 474705281AB0124500A4181C /* tipsTests.swift */; };
		474705341AB0269900A4181C /* SettingsViewController.swift in Sources */ = {isa = PBXBuildFile; fileRef = 474705331AB0269900A4181C /* SettingsViewController.swift */; };
/* End PBXBuildFile section */

/* Begin PBXContainerItemProxy section */
		474705231AB0124500A4181C /* PBXContainerItemProxy */ = {
			isa = PBXContainerItemProxy;
			containerPortal = 474705051AB0124500A4181C /* Project object */;
			proxyType = 1;
			remoteGlobalIDString = 4747050C1AB0124500A4181C;
			remoteInfo = tips;
		};
/* End PBXContainerItemProxy section */

/* Begin PBXFileReference section */
		4747050D1AB0124500A4181C /* tips.app */ = {isa = PBXFileReference; explicitFileType = wrapper.application; includeInIndex = 0; path = tips.app; sourceTree = BUILT_PRODUCTS_DIR; };
		474705111AB0124500A4181C /* Info.plist */ = {isa = PBXFileReference; lastKnownFileType = text.plist.xml; path = Info.plist; sourceTree = "<group>"; };
		474705121AB0124500A4181C /* AppDelegate.swift */ = {isa = PBXFileReference; lastKnownFileType = sourcecode.swift; path = AppDelegate.swift; sourceTree = "<group>"; };
		474705141AB0124500A4181C /* ViewController.swift */ = {isa = PBXFileReference; lastKnownFileType = sourcecode.swift; path = ViewController.swift; sourceTree = "<group>"; };
		474705171AB0124500A4181C /* Base */ = {isa = PBXFileReference; lastKnownFileType = file.storyboard; name = Base; path = Base.lproj/Main.storyboard; sourceTree = "<group>"; };
		474705191AB0124500A4181C /* Images.xcassets */ = {isa = PBXFileReference; lastKnownFileType = folder.assetcatalog; path = Images.xcassets; sourceTree = "<group>"; };
		4747051C1AB0124500A4181C /* Base */ = {isa = PBXFileReference; lastKnownFileType = file.xib; name = Base; path = Base.lproj/LaunchScreen.xib; sourceTree = "<group>"; };
		474705221AB0124500A4181C /* tipsTests.xctest */ = {isa = PBXFileReference; explicitFileType = wrapper.cfbundle; includeInIndex = 0; path = tipsTests.xctest; sourceTree = BUILT_PRODUCTS_DIR; };
		474705271AB0124500A4181C /* Info.plist */ = {isa = PBXFileReference; lastKnownFileType = text.plist.xml; path = Info.plist; sourceTree = "<group>"; };
		474705281AB0124500A4181C /* tipsTests.swift */ = {isa = PBXFileReference; lastKnownFileType = sourcecode.swift; path = tipsTests.swift; sourceTree = "<group>"; };
		474705331AB0269900A4181C /* SettingsViewController.swift */ = {isa = PBXFileReference; fileEncoding = 4; lastKnownFileType = sourcecode.swift; name = SettingsViewController.swift; path = ../SettingsViewController.swift; sourceTree = "<group>"; };
/* End PBXFileReference section */

/* Begin PBXFrameworksBuildPhase section */
		4747050A1AB0124500A4181C /* Frameworks */ = {
			isa = PBXFrameworksBuildPhase;
			buildActionMask = 2147483647;
			files = (
			);
			runOnlyForDeploymentPostprocessing = 0;
		};
		4747051F1AB0124500A4181C /* Frameworks */ = {
			isa = PBXFrameworksBuildPhase;
			buildActionMask = 2147483647;
			files = (
			);
			runOnlyForDeploymentPostprocessing = 0;
		};
/* End PBXFrameworksBuildPhase section */

/* Begin PBXGroup section */
		474705041AB0124500A4181C = {
			isa = PBXGroup;
			children = (
				4747050F1AB0124500A4181C /* tips */,
				474705251AB0124500A4181C /* tipsTests */,
				4747050E1AB0124500A4181C /* Products */,
			);
			sourceTree = "<group>";
		};
		4747050E1AB0124500A4181C /* Products */ = {
			isa = PBXGroup;
			children = (
				4747050D1AB0124500A4181C /* tips.app */,
				474705221AB0124500A4181C /* tipsTests.xctest */,
			);
			name = Products;
			sourceTree = "<group>";
		};
		4747050F1AB0124500A4181C /* tips */ = {
			isa = PBXGroup;
			children = (
				474705351AB026A400A4181C /* View Controllers */,
				474705121AB0124500A4181C /* AppDelegate.swift */,
				474705161AB0124500A4181C /* Main.storyboard */,
				474705191AB0124500A4181C /* Images.xcassets */,
				4747051B1AB0124500A4181C /* LaunchScreen.xib */,
				474705101AB0124500A4181C /* Supporting Files */,
			);
			path = tips;
			sourceTree = "<group>";
		};
		474705101AB0124500A4181C /* Supporting Files */ = {
			isa = PBXGroup;
			children = (
				474705111AB0124500A4181C /* Info.plist */,
			);
			name = "Supporting Files";
			sourceTree = "<group>";
		};
		474705251AB0124500A4181C /* tipsTests */ = {
			isa = PBXGroup;
			children = (
				474705281AB0124500A4181C /* tipsTests.swift */,
				474705261AB0124500A4181C /* Supporting Files */,
			);
			path = tipsTests;
			sourceTree = "<group>";
		};
		474705261AB0124500A4181C /* Supporting Files */ = {
			isa = PBXGroup;
			children = (
				474705271AB0124500A4181C /* Info.plist */,
			);
			name = "Supporting Files";
			sourceTree = "<group>";
		};
		474705351AB026A400A4181C /* View Controllers */ = {
			isa = PBXGroup;
			children = (
				474705141AB0124500A4181C /* ViewController.swift */,
				474705331AB0269900A4181C /* SettingsViewController.swift */,
			);
			name = "View Controllers";
			sourceTree = "<group>";
		};
/* End PBXGroup section */

/* Begin PBXNativeTarget section */
		4747050C1AB0124500A4181C /* tips */ = {
			isa = PBXNativeTarget;
			buildConfigurationList = 4747052C1AB0124500A4181C /* Build configuration list for PBXNativeTarget "tips" */;
			buildPhases = (
				474705091AB0124500A4181C /* Sources */,
				4747050A1AB0124500A4181C /* Frameworks */,
				4747050B1AB0124500A4181C /* Resources */,
			);
			buildRules = (
			);
			dependencies = (
			);
			name = tips;
			productName = tips;
			productReference = 4747050D1AB0124500A4181C /* tips.app */;
			productType = "com.apple.product-type.application";
		};
		474705211AB0124500A4181C /* tipsTests */ = {
			isa = PBXNativeTarget;
			buildConfigurationList = 4747052F1AB0124500A4181C /* Build configuration list for PBXNativeTarget "tipsTests" */;
			buildPhases = (
				4747051E1AB0124500A4181C /* Sources */,
				4747051F1AB0124500A4181C /* Frameworks */,
				474705201AB0124500A4181C /* Resources */,
			);
			buildRules = (
			);
			dependencies = (
				474705241AB0124500A4181C /* PBXTargetDependency */,
			);
			name = tipsTests;
			productName = tipsTests;
			productReference = 474705221AB0124500A4181C /* tipsTests.xctest */;
			productType = "com.apple.product-type.bundle.unit-test";
		};
/* End PBXNativeTarget section */

/* Begin PBXProject section */
		474705051AB0124500A4181C /* Project object */ = {
			isa = PBXProject;
			attributes = {
				LastUpgradeCheck = 0610;
				ORGANIZATIONNAME = "Shuhui Qu";
				TargetAttributes = {
					4747050C1AB0124500A4181C = {
						CreatedOnToolsVersion = 6.1;
					};
					474705211AB0124500A4181C = {
						CreatedOnToolsVersion = 6.1;
						TestTargetID = 4747050C1AB0124500A4181C;
					};
				};
			};
			buildConfigurationList = 474705081AB0124500A4181C /* Build configuration list for PBXProject "tips" */;
			compatibilityVersion = "Xcode 3.2";
			developmentRegion = English;
			hasScannedForEncodings = 0;
			knownRegions = (
				en,
				Base,
			);
			mainGroup = 474705041AB0124500A4181C;
			productRefGroup = 4747050E1AB0124500A4181C /* Products */;
			projectDirPath = "";
			projectRoot = "";
			targets = (
				4747050C1AB0124500A4181C /* tips */,
				474705211AB0124500A4181C /* tipsTests */,
			);
		};
/* End PBXProject section */

/* Begin PBXResourcesBuildPhase section */
		4747050B1AB0124500A4181C /* Resources */ = {
			isa = PBXResourcesBuildPhase;
			buildActionMask = 2147483647;
			files = (
				474705181AB0124500A4181C /* Main.storyboard in Resources */,
				4747051D1AB0124500A4181C /* LaunchScreen.xib in Resources */,
				4747051A1AB0124500A4181C /* Images.xcassets in Resources */,
			);
			runOnlyForDeploymentPostprocessing = 0;
		};
		474705201AB0124500A4181C /* Resources */ = {
			isa = PBXResourcesBuildPhase;
			buildActionMask = 2147483647;
			files = (
			);
			runOnlyForDeploymentPostprocessing = 0;
		};
/* End PBXResourcesBuildPhase section */

/* Begin PBXSourcesBuildPhase section */
		474705091AB0124500A4181C /* Sources */ = {
			isa = PBXSourcesBuildPhase;
			buildActionMask = 2147483647;
			files = (
				474705151AB0124500A4181C /* ViewController.swift in Sources */,
				474705131AB0124500A4181C /* AppDelegate.swift in Sources */,
				474705341AB0269900A4181C /* SettingsViewController.swift in Sources */,
			);
			runOnlyForDeploymentPostprocessing = 0;
		};
		4747051E1AB0124500A4181C /* Sources */ = {
			isa = PBXSourcesBuildPhase;
			buildActionMask = 2147483647;
			files = (
				474705291AB0124500A4181C /* tipsTests.swift in Sources */,
			);
			runOnlyForDeploymentPostprocessing = 0;
		};
/* End PBXSourcesBuildPhase section */

/* Begin PBXTargetDependency section */
		474705241AB0124500A4181C /* PBXTargetDependency */ = {
			isa = PBXTargetDependency;
			target = 4747050C1AB0124500A4181C /* tips */;
			targetProxy = 474705231AB0124500A4181C /* PBXContainerItemProxy */;
		};
/* End PBXTargetDependency section */

/* Begin PBXVariantGroup section */
		474705161AB0124500A4181C /* Main.storyboard */ = {
			isa = PBXVariantGroup;
			children = (
				474705171AB0124500A4181C /* Base */,
			);
			name = Main.storyboard;
			sourceTree = "<group>";
		};
		4747051B1AB0124500A4181C /* LaunchScreen.xib */ = {
			isa = PBXVariantGroup;
			children = (
				4747051C1AB0124500A4181C /* Base */,
			);
			name = LaunchScreen.xib;
			sourceTree = "<group>";
		};
/* End PBXVariantGroup section */

/* Begin XCBuildConfiguration section */
		4747052A1AB0124500A4181C /* Debug */ = {
			isa = XCBuildConfiguration;
			buildSettings = {
				ALWAYS_SEARCH_USER_PATHS = NO;
				CLANG_CXX_LANGUAGE_STANDARD = "gnu++0x";
				CLANG_CXX_LIBRARY = "libc++";
				CLANG_ENABLE_MODULES = YES;
				CLANG_ENABLE_OBJC_ARC = YES;
				CLANG_WARN_BOOL_CONVERSION = YES;
				CLANG_WARN_CONSTANT_CONVERSION = YES;
				CLANG_WARN_DIRECT_OBJC_ISA_USAGE = YES_ERROR;
				CLANG_WARN_EMPTY_BODY = YES;
				CLANG_WARN_ENUM_CONVERSION = YES;
				CLANG_WARN_INT_CONVERSION = YES;
				CLANG_WARN_OBJC_ROOT_CLASS = YES_ERROR;
				CLANG_WARN_UNREACHABLE_CODE = YES;
				CLANG_WARN__DUPLICATE_METHOD_MATCH = YES;
				"CODE_SIGN_IDENTITY[sdk=iphoneos*]" = "iPhone Developer";
				COPY_PHASE_STRIP = NO;
				ENABLE_STRICT_OBJC_MSGSEND = YES;
				GCC_C_LANGUAGE_STANDARD = gnu99;
				GCC_DYNAMIC_NO_PIC = NO;
				GCC_OPTIMIZATION_LEVEL = 0;
				GCC_PREPROCESSOR_DEFINITIONS = (
					"DEBUG=1",
					"$(inherited)",
				);
				GCC_SYMBOLS_PRIVATE_EXTERN = NO;
				GCC_WARN_64_TO_32_BIT_CONVERSION = YES;
				GCC_WARN_ABOUT_RETURN_TYPE = YES_ERROR;
				GCC_WARN_UNDECLARED_SELECTOR = YES;
				GCC_WARN_UNINITIALIZED_AUTOS = YES_AGGRESSIVE;
				GCC_WARN_UNUSED_FUNCTION = YES;
				GCC_WARN_UNUSED_VARIABLE = YES;
				IPHONEOS_DEPLOYMENT_TARGET = 8.1;
				MTL_ENABLE_DEBUG_INFO = YES;
				ONLY_ACTIVE_ARCH = YES;
				SDKROOT = iphoneos;
				SWIFT_OPTIMIZATION_LEVEL = "-Onone";
			};
			name = Debug;
		};
		4747052B1AB0124500A4181C /* Release */ = {
			isa = XCBuildConfiguration;
			buildSettings = {
				ALWAYS_SEARCH_USER_PATHS = NO;
				CLANG_CXX_LANGUAGE_STANDARD = "gnu++0x";
				CLANG_CXX_LIBRARY = "libc++";
				CLANG_ENABLE_MODULES = YES;
				CLANG_ENABLE_OBJC_ARC = YES;
				CLANG_WARN_BOOL_CONVERSION = YES;
				CLANG_WARN_CONSTANT_CONVERSION = YES;
				CLANG_WARN_DIRECT_OBJC_ISA_USAGE = YES_ERROR;
				CLANG_WARN_EMPTY_BODY = YES;
				CLANG_WARN_ENUM_CONVERSION = YES;
				CLANG_WARN_INT_CONVERSION = YES;
				CLANG_WARN_OBJC_ROOT_CLASS = YES_ERROR;
				CLANG_WARN_UNREACHABLE_CODE = YES;
				CLANG_WARN__DUPLICATE_METHOD_MATCH = YES;
				"CODE_SIGN_IDENTITY[sdk=iphoneos*]" = "iPhone Developer";
				COPY_PHASE_STRIP = YES;
				ENABLE_NS_ASSERTIONS = NO;
				ENABLE_STRICT_OBJC_MSGSEND = YES;
				GCC_C_LANGUAGE_STANDARD = gnu99;
				GCC_WARN_64_TO_32_BIT_CONVERSION = YES;
				GCC_WARN_ABOUT_RETURN_TYPE = YES_ERROR;
				GCC_WARN_UNDECLARED_SELECTOR = YES;
				GCC_WARN_UNINITIALIZED_AUTOS = YES_AGGRESSIVE;
				GCC_WARN_UNUSED_FUNCTION = YES;
				GCC_WARN_UNUSED_VARIABLE = YES;
				IPHONEOS_DEPLOYMENT_TARGET = 8.1;
				MTL_ENABLE_DEBUG_INFO = NO;
				SDKROOT = iphoneos;
				VALIDATE_PRODUCT = YES;
			};
			name = Release;
		};
		4747052D1AB0124500A4181C /* Debug */ = {
			isa = XCBuildConfiguration;
			buildSettings = {
				ASSETCATALOG_COMPILER_APPICON_NAME = AppIcon;
				INFOPLIST_FILE = tips/Info.plist;
				LD_RUNPATH_SEARCH_PATHS = "$(inherited) @executable_path/Frameworks";
				PRODUCT_NAME = "$(TARGET_NAME)";
			};
			name = Debug;
		};
		4747052E1AB0124500A4181C /* Release */ = {
			isa = XCBuildConfiguration;
			buildSettings = {
				ASSETCATALOG_COMPILER_APPICON_NAME = AppIcon;
				INFOPLIST_FILE = tips/Info.plist;
				LD_RUNPATH_SEARCH_PATHS = "$(inherited) @executable_path/Frameworks";
				PRODUCT_NAME = "$(TARGET_NAME)";
			};
			name = Release;
		};
		474705301AB0124500A4181C /* Debug */ = {
			isa = XCBuildConfiguration;
			buildSettings = {
				BUNDLE_LOADER = "$(TEST_HOST)";
				FRAMEWORK_SEARCH_PATHS = (
					"$(SDKROOT)/Developer/Library/Frameworks",
					"$(inherited)",
				);
				GCC_PREPROCESSOR_DEFINITIONS = (
					"DEBUG=1",
					"$(inherited)",
				);
				INFOPLIST_FILE = tipsTests/Info.plist;
				LD_RUNPATH_SEARCH_PATHS = "$(inherited) @executable_path/Frameworks @loader_path/Frameworks";
				PRODUCT_NAME = "$(TARGET_NAME)";
				TEST_HOST = "$(BUILT_PRODUCTS_DIR)/tips.app/tips";
			};
			name = Debug;
		};
		474705311AB0124500A4181C /* Release */ = {
			isa = XCBuildConfiguration;
			buildSettings = {
				BUNDLE_LOADER = "$(TEST_HOST)";
				FRAMEWORK_SEARCH_PATHS = (
					"$(SDKROOT)/Developer/Library/Frameworks",
					"$(inherited)",
				);
				INFOPLIST_FILE = tipsTests/Info.plist;
				LD_RUNPATH_SEARCH_PATHS = "$(inherited) @executable_path/Frameworks @loader_path/Frameworks";
				PRODUCT_NAME = "$(TARGET_NAME)";
				TEST_HOST = "$(BUILT_PRODUCTS_DIR)/tips.app/tips";
			};
			name = Release;
		};
/* End XCBuildConfiguration section */

/* Begin XCConfigurationList section */
		474705081AB0124500A4181C /* Build configuration list for PBXProject "tips" */ = {
			isa = XCConfigurationList;
			buildConfigurations = (
				4747052A1AB0124500A4181C /* Debug */,
				4747052B1AB0124500A4181C /* Release */,
			);
			defaultConfigurationIsVisible = 0;
			defaultConfigurationName = Release;
		};
		4747052C1AB0124500A4181C /* Build configuration list for PBXNativeTarget "tips" */ = {
			isa = XCConfigurationList;
			buildConfigurations = (
				4747052D1AB0124500A4181C /* Debug */,
				4747052E1AB0124500A4181C /* Release */,
			);
			defaultConfigurationIsVisible = 0;
		};
		4747052F1AB0124500A4181C /* Build configuration list for PBXNativeTarget "tipsTests" */ = {
			isa = XCConfigurationList;
			buildConfigurations = (
				474705301AB0124500A4181C /* Debug */,
				474705311AB0124500A4181C /* Release */,
			);
			defaultConfigurationIsVisible = 0;
		};
/* End XCConfigurationList section */
	};
	rootObject = 474705051AB0124500A4181C /* Project object */;
}
